
Microsoft Visual Studio Solution File, Format Version 12.00
# Visual Studio 14
VisualStudioVersion = 14.0.25420.1
MinimumVisualStudioVersion = 10.0.40219.1
Project("{FAE04EC0-301F-11D3-BF4B-00C04F79EFBC}") = "practice2", "practice2\practice2.csproj", "{E79B87B2-66BC-40A4-89E2-84DA9A963B84}"
EndProject
Global
	GlobalSection(SolutionConfigurationPlatforms) = preSolution
		Debug|Any CPU = Debug|Any CPU
		Release|Any CPU = Release|Any CPU
	EndGlobalSection
	GlobalSection(ProjectConfigurationPlatforms) = postSolution
		{E79B87B2-66BC-40A4-89E2-84DA9A963B84}.Debug|Any CPU.ActiveCfg = Debug|Any CPU
		{E79B87B2-66BC-40A4-89E2-84DA9A963B84}.Debug|Any CPU.Build.0 = Debug|Any CPU
		{E79B87B2-66BC-40A4-89E2-84DA9A963B84}.Release|Any CPU.ActiveCfg = Release|Any CPU
		{E79B87B2-66BC-40A4-89E2-84DA9A963B84}.Release|Any CPU.Build.0 = Release|Any CPU
	EndGlobalSection
	GlobalSection(SolutionProperties) = preSolution
		HideSolutionNode = FALSE
	EndGlobalSection
EndGlobal
